
Microsoft Visual Studio Solution File, Format Version 12.00
# Visual Studio Version 16
VisualStudioVersion = 16.0.32106.194
MinimumVisualStudioVersion = 10.0.40219.1
Project("{FAE04EC0-301F-11D3-BF4B-00C04F79EFBC}") = "Programassignment1", "Programassignment1.csproj", "{93910565-AF94-4168-BA53-997CC5CE63BD}"
EndProject
Global
	GlobalSection(SolutionConfigurationPlatforms) = preSolution
		Debug|Any CPU = Debug|Any CPU
		Release|Any CPU = Release|Any CPU
	EndGlobalSection
	GlobalSection(ProjectConfigurationPlatforms) = postSolution
		{93910565-AF94-4168-BA53-997CC5CE63BD}.Debug|Any CPU.ActiveCfg = Debug|Any CPU
		{93910565-AF94-4168-BA53-997CC5CE63BD}.Debug|Any CPU.Build.0 = Debug|Any CPU
		{93910565-AF94-4168-BA53-997CC5CE63BD}.Release|Any CPU.ActiveCfg = Release|Any CPU
		{93910565-AF94-4168-BA53-997CC5CE63BD}.Release|Any CPU.Build.0 = Release|Any CPU
	EndGlobalSection
	GlobalSection(SolutionProperties) = preSolution
		HideSolutionNode = FALSE
	EndGlobalSection
	GlobalSection(ExtensibilityGlobals) = postSolution
		SolutionGuid = {6DE4A4BD-96B5-4A7A-B19F-3585310AF8C3}
	EndGlobalSection
EndGlobal
